PODS:
  - SJAttributesFactory (1.1.14)
  - SJLabel (1.1.0):
    - SJAttributesFactory
    - SJLabel/Services (= 1.1.0)
  - SJLabel/Services (1.1.0):
    - SJAttributesFactory

DEPENDENCIES:
  - SJLabel

SPEC CHECKSUMS:
  SJAttributesFactory: 10af803585a072a7d6273b87cb12f729f15b89a6
  SJLabel: 887e2e0ade1c93dd9e1c4af9c1248bf6dd16dea7

PODFILE CHECKSUM: 585eb5a03db11287ec946ab139a0d0e5cc957eee

COCOAPODS: 1.4.0.rc.1
